Microsoft Visual Studio Solution File, Format Version 12.00
# Visual Studio Version 17
VisualStudioVersion = 17.5.2.0
MinimumVisualStudioVersion = 10.0.40219.1
Project("{FAE04EC0-301F-11D3-BF4B-00C04F79EFBC}") = "0109_Ship2", "0109_Ship2.csproj", "{8847B393-FDA0-1E36-75E6-FDA7C3DB21D9}"
EndProject
Global
	GlobalSection(SolutionConfigurationPlatforms) = preSolution
		Debug|Any CPU = Debug|Any CPU
		Release|Any CPU = Release|Any CPU
	EndGlobalSection
	GlobalSection(ProjectConfigurationPlatforms) = postSolution
		{8847B393-FDA0-1E36-75E6-FDA7C3DB21D9}.Debug|Any CPU.ActiveCfg = Debug|Any CPU
		{8847B393-FDA0-1E36-75E6-FDA7C3DB21D9}.Debug|Any CPU.Build.0 = Debug|Any CPU
		{8847B393-FDA0-1E36-75E6-FDA7C3DB21D9}.Release|Any CPU.ActiveCfg = Release|Any CPU
		{8847B393-FDA0-1E36-75E6-FDA7C3DB21D9}.Release|Any CPU.Build.0 = Release|Any CPU
	EndGlobalSection
	GlobalSection(SolutionProperties) = preSolution
		HideSolutionNode = FALSE
	EndGlobalSection
	GlobalSection(ExtensibilityGlobals) = postSolution
		SolutionGuid = {997B7D06-6342-42D8-8135-CF2E3768543B}
	EndGlobalSection
EndGlobal
