Microsoft Visual Studio Solution File, Format Version 12.00
# Visual Studio Version 17
VisualStudioVersion = 17.5.2.0
MinimumVisualStudioVersion = 10.0.40219.1
Project("{FAE04EC0-301F-11D3-BF4B-00C04F79EFBC}") = "0115_TextRPG", "0115_TextRPG.csproj", "{42D228DA-519A-E195-AA87-2C1BCDDBDC20}"
EndProject
Global
	GlobalSection(SolutionConfigurationPlatforms) = preSolution
		Debug|Any CPU = Debug|Any CPU
		Release|Any CPU = Release|Any CPU
	EndGlobalSection
	GlobalSection(ProjectConfigurationPlatforms) = postSolution
		{42D228DA-519A-E195-AA87-2C1BCDDBDC20}.Debug|Any CPU.ActiveCfg = Debug|Any CPU
		{42D228DA-519A-E195-AA87-2C1BCDDBDC20}.Debug|Any CPU.Build.0 = Debug|Any CPU
		{42D228DA-519A-E195-AA87-2C1BCDDBDC20}.Release|Any CPU.ActiveCfg = Release|Any CPU
		{42D228DA-519A-E195-AA87-2C1BCDDBDC20}.Release|Any CPU.Build.0 = Release|Any CPU
	EndGlobalSection
	GlobalSection(SolutionProperties) = preSolution
		HideSolutionNode = FALSE
	EndGlobalSection
	GlobalSection(ExtensibilityGlobals) = postSolution
		SolutionGuid = {05F80701-4CBD-4FBF-A7F6-F6B4EA23FAE3}
	EndGlobalSection
EndGlobal
