Microsoft Visual Studio Solution File, Format Version 12.00
# Visual Studio Version 17
VisualStudioVersion = 17.5.2.0
MinimumVisualStudioVersion = 10.0.40219.1
Project("{FAE04EC0-301F-11D3-BF4B-00C04F79EFBC}") = "0112_3", "0112_3.csproj", "{87779A93-B3A1-2C26-D76F-5C61DFDA54CC}"
EndProject
Global
	GlobalSection(SolutionConfigurationPlatforms) = preSolution
		Debug|Any CPU = Debug|Any CPU
		Release|Any CPU = Release|Any CPU
	EndGlobalSection
	GlobalSection(ProjectConfigurationPlatforms) = postSolution
		{87779A93-B3A1-2C26-D76F-5C61DFDA54CC}.Debug|Any CPU.ActiveCfg = Debug|Any CPU
		{87779A93-B3A1-2C26-D76F-5C61DFDA54CC}.Debug|Any CPU.Build.0 = Debug|Any CPU
		{87779A93-B3A1-2C26-D76F-5C61DFDA54CC}.Release|Any CPU.ActiveCfg = Release|Any CPU
		{87779A93-B3A1-2C26-D76F-5C61DFDA54CC}.Release|Any CPU.Build.0 = Release|Any CPU
	EndGlobalSection
	GlobalSection(SolutionProperties) = preSolution
		HideSolutionNode = FALSE
	EndGlobalSection
	GlobalSection(ExtensibilityGlobals) = postSolution
		SolutionGuid = {34C8D948-9B9C-44B0-B03A-8340A6307547}
	EndGlobalSection
EndGlobal
