Microsoft Visual Studio Solution File, Format Version 12.00
# Visual Studio Version 17
VisualStudioVersion = 17.5.2.0
MinimumVisualStudioVersion = 10.0.40219.1
Project("{FAE04EC0-301F-11D3-BF4B-00C04F79EFBC}") = "0114_shootingGame", "0114_shootingGame.csproj", "{068163C2-7DD5-A4CA-F072-FB039B86FBAD}"
EndProject
Global
	GlobalSection(SolutionConfigurationPlatforms) = preSolution
		Debug|Any CPU = Debug|Any CPU
		Release|Any CPU = Release|Any CPU
	EndGlobalSection
	GlobalSection(ProjectConfigurationPlatforms) = postSolution
		{068163C2-7DD5-A4CA-F072-FB039B86FBAD}.Debug|Any CPU.ActiveCfg = Debug|Any CPU
		{068163C2-7DD5-A4CA-F072-FB039B86FBAD}.Debug|Any CPU.Build.0 = Debug|Any CPU
		{068163C2-7DD5-A4CA-F072-FB039B86FBAD}.Release|Any CPU.ActiveCfg = Release|Any CPU
		{068163C2-7DD5-A4CA-F072-FB039B86FBAD}.Release|Any CPU.Build.0 = Release|Any CPU
	EndGlobalSection
	GlobalSection(SolutionProperties) = preSolution
		HideSolutionNode = FALSE
	EndGlobalSection
	GlobalSection(ExtensibilityGlobals) = postSolution
		SolutionGuid = {2D55980B-8386-4CCC-81E2-BA6C92A88064}
	EndGlobalSection
EndGlobal
